
Microsoft Visual Studio Solution File, Format Version 12.00
# Visual Studio 2012
Project("{FAE04EC0-301F-11D3-BF4B-00C04F79EFBC}") = "TheTeaPartyKata", "TheTeaPartyKata\TheTeaPartyKata.csproj", "{A7D7A25F-4153-4A4B-852F-C8B708FA18CC}"
EndProject
Project("{FAE04EC0-301F-11D3-BF4B-00C04F79EFBC}") = "TeaPartyTests", "TeaPartyTests\TeaPartyTests.csproj", "{758AC23E-2D46-4A38-9E03-204ECF0D13F0}"
EndProject
Global
	GlobalSection(SolutionConfigurationPlatforms) = preSolution
		Debug|Any CPU = Debug|Any CPU
		Release|Any CPU = Release|Any CPU
	EndGlobalSection
	GlobalSection(ProjectConfigurationPlatforms) = postSolution
		{A7D7A25F-4153-4A4B-852F-C8B708FA18CC}.Debug|Any CPU.ActiveCfg = Debug|Any CPU
		{A7D7A25F-4153-4A4B-852F-C8B708FA18CC}.Debug|Any CPU.Build.0 = Debug|Any CPU
		{A7D7A25F-4153-4A4B-852F-C8B708FA18CC}.Release|Any CPU.ActiveCfg = Release|Any CPU
		{A7D7A25F-4153-4A4B-852F-C8B708FA18CC}.Release|Any CPU.Build.0 = Release|Any CPU
		{758AC23E-2D46-4A38-9E03-204ECF0D13F0}.Debug|Any CPU.ActiveCfg = Debug|Any CPU
		{758AC23E-2D46-4A38-9E03-204ECF0D13F0}.Debug|Any CPU.Build.0 = Debug|Any CPU
		{758AC23E-2D46-4A38-9E03-204ECF0D13F0}.Release|Any CPU.ActiveCfg = Release|Any CPU
		{758AC23E-2D46-4A38-9E03-204ECF0D13F0}.Release|Any CPU.Build.0 = Release|Any CPU
	EndGlobalSection
	GlobalSection(SolutionProperties) = preSolution
		HideSolutionNode = FALSE
	EndGlobalSection
EndGlobal
